// !$*UTF8*$!
{
	archiveVersion = 1;
	classes = {
	};
	objectVersion = 46;
	objects = {

/* Begin PBXBuildFile section */
		006D720419952D00008149E2 /* AVFoundation.framework in Frameworks */ = {isa = PBXBuildFile; fileRef = 006D720219952D00008149E2 /* AVFoundation.framework */; };
		006D720519952D00008149E2 /* CoreMedia.framework in Frameworks */ = {isa = PBXBuildFile; fileRef = 006D720319952D00008149E2 /* CoreMedia.framework */; };
		0091D8F90E81B9330029341E /* OpenGL.framework in Frameworks */ = {isa = PBXBuildFile; fileRef = 0091D8F80E81B9330029341E /* OpenGL.framework */; };
		00B784B30FF439BC000DE1D7 /* Accelerate.framework in Frameworks */ = {isa = PBXBuildFile; fileRef = 00B784AF0FF439BC000DE1D7 /* Accelerate.framework */; };
		00B784B40FF439BC000DE1D7 /* AudioToolbox.framework in Frameworks */ = {isa = PBXBuildFile; fileRef = 00B784B00FF439BC000DE1D7 /* AudioToolbox.framework */; };
		00B784B50FF439BC000DE1D7 /* AudioUnit.framework in Frameworks */ = {isa = PBXBuildFile; fileRef = 00B784B10FF439BC000DE1D7 /* AudioUnit.framework */; };
		00B784B60FF439BC000DE1D7 /* CoreAudio.framework in Frameworks */ = {isa = PBXBuildFile; fileRef = 00B784B20FF439BC000DE1D7 /* CoreAudio.framework */; };
		00B9955A1B128DF400A5C623 /* IOKit.framework in Frameworks */ = {isa = PBXBuildFile; fileRef = 00B995581B128DF400A5C623 /* IOKit.framework */; };
		00B9955B1B128DF400A5C623 /* IOSurface.framework in Frameworks */ = {isa = PBXBuildFile; fileRef = 00B995591B128DF400A5C623 /* IOSurface.framework */; };
		0FC77C5F84094A069591EDBC /* CinderApp.icns in Resources */ = {isa = PBXBuildFile; fileRef = 183874AD564F41AEA860CF55 /* CinderApp.icns */; };
		187964A5AE854A3A8AC22814 /* DigitalLifeApp.cpp in Sources */ = {isa = PBXBuildFile; fileRef = 98984B151EE6400C84D3E77F /* DigitalLifeApp.cpp */; };
		5323E6B20EAFCA74003A9687 /* CoreVideo.framework in Frameworks */ = {isa = PBXBuildFile; fileRef = 5323E6B10EAFCA74003A9687 /* CoreVideo.framework */; };
		8D11072F0486CEB800E47090 /* Cocoa.framework in Frameworks */ = {isa = PBXBuildFile; fileRef = 1058C7A1FEA54F0111CA2CBB /* Cocoa.framework */; };
		CEEAC8711EE4C5F30065E93A /* Mesh.cpp in Sources */ = {isa = PBXBuildFile; fileRef = CEEAC8691EE4C5F30065E93A /* Mesh.cpp */; };
		CEEAC8721EE4C5F30065E93A /* MeshBuilds.cpp in Sources */ = {isa = PBXBuildFile; fileRef = CEEAC86B1EE4C5F30065E93A /* MeshBuilds.cpp */; };
		CEEAC8731EE4C5F30065E93A /* MeshGroup.cpp in Sources */ = {isa = PBXBuildFile; fileRef = CEEAC86D1EE4C5F30065E93A /* MeshGroup.cpp */; };
		CEEAC8741EE4C5F30065E93A /* Vertex.cpp in Sources */ = {isa = PBXBuildFile; fileRef = CEEAC86F1EE4C5F30065E93A /* Vertex.cpp */; };
		CEEAC8911EE4C6060065E93A /* Cue.cpp in Sources */ = {isa = PBXBuildFile; fileRef = CEEAC8781EE4C6060065E93A /* Cue.cpp */; };
		CEEAC8921EE4C6060065E93A /* Timeline.cpp in Sources */ = {isa = PBXBuildFile; fileRef = CEEAC88B1EE4C6060065E93A /* Timeline.cpp */; };
		CEEAC8931EE4C6060065E93A /* TimelineItem.cpp in Sources */ = {isa = PBXBuildFile; fileRef = CEEAC88D1EE4C6060065E93A /* TimelineItem.cpp */; };
		CEEAC8A01EE4C6190065E93A /* Syphon.framework in Frameworks */ = {isa = PBXBuildFile; fileRef = CEEAC8951EE4C6190065E93A /* Syphon.framework */; };
		CEEAC8A11EE4C6190065E93A /* SyphonNameboundClient.m in Sources */ = {isa = PBXBuildFile; fileRef = CEEAC8971EE4C6190065E93A /* SyphonNameboundClient.m */; };
		CEEAC8A21EE4C6190065E93A /* Client.mm in Sources */ = {isa = PBXBuildFile; fileRef = CEEAC89A1EE4C6190065E93A /* Client.mm */; };
		CEEAC8A31EE4C6190065E93A /* Server.mm in Sources */ = {isa = PBXBuildFile; fileRef = CEEAC89C1EE4C6190065E93A /* Server.mm */; };
		CEEAC8A41EE4C6190065E93A /* ServerDirectory.mm in Sources */ = {isa = PBXBuildFile; fileRef = CEEAC89E1EE4C6190065E93A /* ServerDirectory.mm */; };
		CEEAC8B61EE4C64D0065E93A /* CoreMath.cpp in Sources */ = {isa = PBXBuildFile; fileRef = CEEAC8A61EE4C64D0065E93A /* CoreMath.cpp */; };
		CEEAC8B71EE4C64D0065E93A /* DoubleFbo.cpp in Sources */ = {isa = PBXBuildFile; fileRef = CEEAC8A81EE4C64D0065E93A /* DoubleFbo.cpp */; };
		CEEAC8B81EE4C64D0065E93A /* FboCubeMapLayered.cpp in Sources */ = {isa = PBXBuildFile; fileRef = CEEAC8AA1EE4C64D0065E93A /* FboCubeMapLayered.cpp */; };
		CEEAC8B91EE4C64D0065E93A /* GeomEater.cpp in Sources */ = {isa = PBXBuildFile; fileRef = CEEAC8AC1EE4C64D0065E93A /* GeomEater.cpp */; };
		CEEAC8BA1EE4C64D0065E93A /* MeshHelpers.cpp in Sources */ = {isa = PBXBuildFile; fileRef = CEEAC8B01EE4C64D0065E93A /* MeshHelpers.cpp */; };
		CEEAC8BB1EE4C64D0065E93A /* Projector.cpp in Sources */ = {isa = PBXBuildFile; fileRef = CEEAC8B41EE4C64D0065E93A /* Projector.cpp */; };
		CEEAC8BD1EE4C8260065E93A /* Syphon.framework in Copy Files */ = {isa = PBXBuildFile; fileRef = CEEAC8951EE4C6190065E93A /* Syphon.framework */; settings = {ATTRIBUTES = (CodeSignOnCopy, RemoveHeadersOnCopy, ); }; };
		EF0262E41E70660E005669EA /* ReactionDiffusionApp.cpp in Sources */ = {isa = PBXBuildFile; fileRef = EF0262E21E70660E005669EA /* ReactionDiffusionApp.cpp */; };
		EF0263081E70AAA8005669EA /* NetworkApp.cpp in Sources */ = {isa = PBXBuildFile; fileRef = EF0263061E70AAA8005669EA /* NetworkApp.cpp */; };
		EF095A181EE499560080D7B4 /* DLRenderIntoCubeMap_lines_g.glsl in Resources */ = {isa = PBXBuildFile; fileRef = EF095A031EE499560080D7B4 /* DLRenderIntoCubeMap_lines_g.glsl */; };
		EF095A191EE499560080D7B4 /* DLRenderIntoCubeMap_points_g.glsl in Resources */ = {isa = PBXBuildFile; fileRef = EF095A041EE499560080D7B4 /* DLRenderIntoCubeMap_points_g.glsl */; };
		EF095A1A1EE499560080D7B4 /* DLRenderIntoCubeMap_triangles_g.glsl in Resources */ = {isa = PBXBuildFile; fileRef = EF095A051EE499560080D7B4 /* DLRenderIntoCubeMap_triangles_g.glsl */; };
		EF095A1B1EE499560080D7B4 /* DLRenderIntoCubeMap_v.glsl in Resources */ = {isa = PBXBuildFile; fileRef = EF095A061EE499560080D7B4 /* DLRenderIntoCubeMap_v.glsl */; };
		EF095A1C1EE499560080D7B4 /* DLRenderOutputTexAsSphere_f.glsl in Resources */ = {isa = PBXBuildFile; fileRef = EF095A071EE499560080D7B4 /* DLRenderOutputTexAsSphere_f.glsl */; };
		EF095A1D1EE499560080D7B4 /* DLRenderOutputTexAsSphere_v.glsl in Resources */ = {isa = PBXBuildFile; fileRef = EF095A081EE499560080D7B4 /* DLRenderOutputTexAsSphere_v.glsl */; };
		EF095A1E1EE499560080D7B4 /* FLDisruptBirds_f.glsl in Resources */ = {isa = PBXBuildFile; fileRef = EF095A091EE499560080D7B4 /* FLDisruptBirds_f.glsl */; };
		EF095A1F1EE499560080D7B4 /* FLRenderBirds_f.glsl in Resources */ = {isa = PBXBuildFile; fileRef = EF095A0A1EE499560080D7B4 /* FLRenderBirds_f.glsl */; };
		EF095A201EE499560080D7B4 /* FLRenderBirds_g.glsl in Resources */ = {isa = PBXBuildFile; fileRef = EF095A0B1EE499560080D7B4 /* FLRenderBirds_g.glsl */; };
		EF095A211EE499560080D7B4 /* FLRenderBirds_v.glsl in Resources */ = {isa = PBXBuildFile; fileRef = EF095A0C1EE499560080D7B4 /* FLRenderBirds_v.glsl */; };
		EF095A221EE499560080D7B4 /* FLRenderBirdsToSphere_f.glsl in Resources */ = {isa = PBXBuildFile; fileRef = EF095A0D1EE499560080D7B4 /* FLRenderBirdsToSphere_f.glsl */; };
		EF095A231EE499560080D7B4 /* FLRunBirds_v.glsl in Resources */ = {isa = PBXBuildFile; fileRef = EF095A0E1EE499560080D7B4 /* FLRunBirds_v.glsl */; };
		EF095A241EE499560080D7B4 /* FLRunBirdsPosition_f.glsl in Resources */ = {isa = PBXBuildFile; fileRef = EF095A0F1EE499560080D7B4 /* FLRunBirdsPosition_f.glsl */; };
		EF095A251EE499560080D7B4 /* FLRunBirdsVelocity_f.glsl in Resources */ = {isa = PBXBuildFile; fileRef = EF095A101EE499560080D7B4 /* FLRunBirdsVelocity_f.glsl */; };
		EF095A261EE499560080D7B4 /* RDDisruptReactionDiffusion_f.glsl in Resources */ = {isa = PBXBuildFile; fileRef = EF095A111EE499560080D7B4 /* RDDisruptReactionDiffusion_f.glsl */; };
		EF095A271EE499560080D7B4 /* RDRenderReactionDiffusion_f.glsl in Resources */ = {isa = PBXBuildFile; fileRef = EF095A121EE499560080D7B4 /* RDRenderReactionDiffusion_f.glsl */; };
		EF095A281EE499560080D7B4 /* RDRenderReactionDiffusion_g.glsl in Resources */ = {isa = PBXBuildFile; fileRef = EF095A131EE499560080D7B4 /* RDRenderReactionDiffusion_g.glsl */; };
		EF095A291EE499560080D7B4 /* RDRenderReactionDiffusion_v.glsl in Resources */ = {isa = PBXBuildFile; fileRef = EF095A141EE499560080D7B4 /* RDRenderReactionDiffusion_v.glsl */; };
		EF095A2A1EE499560080D7B4 /* RDRunReactionDiffusion_f.glsl in Resources */ = {isa = PBXBuildFile; fileRef = EF095A151EE499560080D7B4 /* RDRunReactionDiffusion_f.glsl */; };
		EF095A2B1EE499560080D7B4 /* RDRunReactionDiffusion_g.glsl in Resources */ = {isa = PBXBuildFile; fileRef = EF095A161EE499560080D7B4 /* RDRunReactionDiffusion_g.glsl */; };
		EF095A2C1EE499560080D7B4 /* RDRunReactionDiffusion_v.glsl in Resources */ = {isa = PBXBuildFile; fileRef = EF095A171EE499560080D7B4 /* RDRunReactionDiffusion_v.glsl */; };
		EF095A2F1EE49B1A0080D7B4 /* AudioNarration.mp3 in Resources */ = {isa = PBXBuildFile; fileRef = EF095A2D1EE49B1A0080D7B4 /* AudioNarration.mp3 */; };
		EF095A301EE49B1A0080D7B4 /* BoxSides.obj in Resources */ = {isa = PBXBuildFile; fileRef = EF095A2E1EE49B1A0080D7B4 /* BoxSides.obj */; };
		EF095A331EE49B4D0080D7B4 /* DLOutputCubeMapToRect_f.glsl in Resources */ = {isa = PBXBuildFile; fileRef = EF095A311EE49B4D0080D7B4 /* DLOutputCubeMapToRect_f.glsl */; };
		EF095A341EE49B4D0080D7B4 /* DLOutputCubeMapToRect_v.glsl in Resources */ = {isa = PBXBuildFile; fileRef = EF095A321EE49B4D0080D7B4 /* DLOutputCubeMapToRect_v.glsl */; };
		EF095A361EE49BA40080D7B4 /* DLRenderIntoCubeMap_f.glsl in Resources */ = {isa = PBXBuildFile; fileRef = EF095A351EE49BA40080D7B4 /* DLRenderIntoCubeMap_f.glsl */; };
		EFE696381E69CEA200CD4E51 /* FlockingApp.cpp in Sources */ = {isa = PBXBuildFile; fileRef = EFE696361E69CEA200CD4E51 /* FlockingApp.cpp */; };
/* End PBXBuildFile section */

/* Begin PBXCopyFilesBuildPhase section */
		8624196A335D47F18194BE48 /* Copy Files */ = {
			isa = PBXCopyFilesBuildPhase;
			buildActionMask = 2147483647;
			dstPath = "";
			dstSubfolderSpec = 10;
			files = (
				CEEAC8BD1EE4C8260065E93A /* Syphon.framework in Copy Files */,
			);
			name = "Copy Files";
			runOnlyForDeploymentPostprocessing = 0;
		};
/* End PBXCopyFilesBuildPhase section */

/* Begin PBXFileReference section */
		006D720219952D00008149E2 /* AVFoundation.framework */ = {isa = PBXFileReference; lastKnownFileType = wrapper.framework; name = AVFoundation.framework; path = System/Library/Frameworks/AVFoundation.framework; sourceTree = SDKROOT; };
		006D720319952D00008149E2 /* CoreMedia.framework */ = {isa = PBXFileReference; lastKnownFileType = wrapper.framework; name = CoreMedia.framework; path = System/Library/Frameworks/CoreMedia.framework; sourceTree = SDKROOT; };
		0091D8F80E81B9330029341E /* OpenGL.framework */ = {isa = PBXFileReference; lastKnownFileType = wrapper.framework; name = OpenGL.framework; path = /System/Library/Frameworks/OpenGL.framework; sourceTree = "<absolute>"; };
		00B784AF0FF439BC000DE1D7 /* Accelerate.framework */ = {isa = PBXFileReference; lastKnownFileType = wrapper.framework; name = Accelerate.framework; path = System/Library/Frameworks/Accelerate.framework; sourceTree = SDKROOT; };
		00B784B00FF439BC000DE1D7 /* AudioToolbox.framework */ = {isa = PBXFileReference; lastKnownFileType = wrapper.framework; name = AudioToolbox.framework; path = System/Library/Frameworks/AudioToolbox.framework; sourceTree = SDKROOT; };
		00B784B10FF439BC000DE1D7 /* AudioUnit.framework */ = {isa = PBXFileReference; lastKnownFileType = wrapper.framework; name = AudioUnit.framework; path = System/Library/Frameworks/AudioUnit.framework; sourceTree = SDKROOT; };
		00B784B20FF439BC000DE1D7 /* CoreAudio.framework */ = {isa = PBXFileReference; lastKnownFileType = wrapper.framework; name = CoreAudio.framework; path = System/Library/Frameworks/CoreAudio.framework; sourceTree = SDKROOT; };
		00B995581B128DF400A5C623 /* IOKit.framework */ = {isa = PBXFileReference; lastKnownFileType = wrapper.framework; name = IOKit.framework; path = System/Library/Frameworks/IOKit.framework; sourceTree = SDKROOT; };
		00B995591B128DF400A5C623 /* IOSurface.framework */ = {isa = PBXFileReference; lastKnownFileType = wrapper.framework; name = IOSurface.framework; path = System/Library/Frameworks/IOSurface.framework; sourceTree = SDKROOT; };
		1058C7A1FEA54F0111CA2CBB /* Cocoa.framework */ = {isa = PBXFileReference; lastKnownFileType = wrapper.framework; name = Cocoa.framework; path = /System/Library/Frameworks/Cocoa.framework; sourceTree = "<absolute>"; };
		123042767DC24C01AB35E1DF /* Resources.h */ = {isa = PBXFileReference; lastKnownFileType = sourcecode.c.h; name = Resources.h; path = ../include/Resources.h; sourceTree = "<group>"; };
		183874AD564F41AEA860CF55 /* CinderApp.icns */ = {isa = PBXFileReference; lastKnownFileType = image.icns; name = CinderApp.icns; path = ../resources/CinderApp.icns; sourceTree = "<group>"; };
		29B97324FDCFA39411CA2CEA /* AppKit.framework */ = {isa = PBXFileReference; lastKnownFileType = wrapper.framework; name = AppKit.framework; path = /System/Library/Frameworks/AppKit.framework; sourceTree = "<absolute>"; };
		29B97325FDCFA39411CA2CEA /* Foundation.framework */ = {isa = PBXFileReference; lastKnownFileType = wrapper.framework; name = Foundation.framework; path = /System/Library/Frameworks/Foundation.framework; sourceTree = "<absolute>"; };
		415664E13C8E478FA86D8C45 /* Info.plist */ = {isa = PBXFileReference; lastKnownFileType = text.plist.xml; path = Info.plist; sourceTree = "<group>"; };
		5323E6B10EAFCA74003A9687 /* CoreVideo.framework */ = {isa = PBXFileReference; lastKnownFileType = wrapper.framework; name = CoreVideo.framework; path = /System/Library/Frameworks/CoreVideo.framework; sourceTree = "<absolute>"; };
		8D1107320486CEB800E47090 /* DigitalLife.app */ = {isa = PBXFileReference; explicitFileType = wrapper.application; includeInIndex = 0; path = DigitalLife.app; sourceTree = BUILT_PRODUCTS_DIR; };
		98984B151EE6400C84D3E77F /* DigitalLifeApp.cpp */ = {isa = PBXFileReference; lastKnownFileType = sourcecode.c.cpp; name = DigitalLifeApp.cpp; path = ../src/DigitalLifeApp.cpp; sourceTree = "<group>"; };
		CEEAC8671EE4C5F30065E93A /* buildmesh.h */ = {isa = PBXFileReference; fileEncoding = 4; lastKnownFileType = sourcecode.c.h; name = buildmesh.h; path = ../../Cinder/blocks/buildmesh/buildmesh.h; sourceTree = "<group>"; };
		CEEAC8681EE4C5F30065E93A /* MathBase.h */ = {isa = PBXFileReference; fileEncoding = 4; lastKnownFileType = sourcecode.c.h; name = MathBase.h; path = ../../Cinder/blocks/buildmesh/MathBase.h; sourceTree = "<group>"; };
		CEEAC8691EE4C5F30065E93A /* Mesh.cpp */ = {isa = PBXFileReference; fileEncoding = 4; lastKnownFileType = sourcecode.cpp.cpp; name = Mesh.cpp; path = ../../Cinder/blocks/buildmesh/Mesh.cpp; sourceTree = "<group>"; };
		CEEAC86A1EE4C5F30065E93A /* Mesh.h */ = {isa = PBXFileReference; fileEncoding = 4; lastKnownFileType = sourcecode.c.h; name = Mesh.h; path = ../../Cinder/blocks/buildmesh/Mesh.h; sourceTree = "<group>"; };
		CEEAC86B1EE4C5F30065E93A /* MeshBuilds.cpp */ = {isa = PBXFileReference; fileEncoding = 4; lastKnownFileType = sourcecode.cpp.cpp; name = MeshBuilds.cpp; path = ../../Cinder/blocks/buildmesh/MeshBuilds.cpp; sourceTree = "<group>"; };
		CEEAC86C1EE4C5F30065E93A /* MeshBuilds.h */ = {isa = PBXFileReference; fileEncoding = 4; lastKnownFileType = sourcecode.c.h; name = MeshBuilds.h; path = ../../Cinder/blocks/buildmesh/MeshBuilds.h; sourceTree = "<group>"; };
		CEEAC86D1EE4C5F30065E93A /* MeshGroup.cpp */ = {isa = PBXFileReference; fileEncoding = 4; lastKnownFileType = sourcecode.cpp.cpp; name = MeshGroup.cpp; path = ../../Cinder/blocks/buildmesh/MeshGroup.cpp; sourceTree = "<group>"; };
		CEEAC86E1EE4C5F30065E93A /* MeshGroup.h */ = {isa = PBXFileReference; fileEncoding = 4; lastKnownFileType = sourcecode.c.h; name = MeshGroup.h; path = ../../Cinder/blocks/buildmesh/MeshGroup.h; sourceTree = "<group>"; };
		CEEAC86F1EE4C5F30065E93A /* Vertex.cpp */ = {isa = PBXFileReference; fileEncoding = 4; lastKnownFileType = sourcecode.cpp.cpp; name = Vertex.cpp; path = ../../Cinder/blocks/buildmesh/Vertex.cpp; sourceTree = "<group>"; };
		CEEAC8701EE4C5F30065E93A /* Vertex.h */ = {isa = PBXFileReference; fileEncoding = 4; lastKnownFileType = sourcecode.c.h; name = Vertex.h; path = ../../Cinder/blocks/buildmesh/Vertex.h; sourceTree = "<group>"; };
		CEEAC8771EE4C6060065E93A /* Choreograph.h */ = {isa = PBXFileReference; fileEncoding = 4; lastKnownFileType = sourcecode.c.h; path = Choreograph.h; sourceTree = "<group>"; };
		CEEAC8781EE4C6060065E93A /* Cue.cpp */ = {isa = PBXFileReference; fileEncoding = 4; lastKnownFileType = sourcecode.cpp.cpp; path = Cue.cpp; sourceTree = "<group>"; };
		CEEAC8791EE4C6060065E93A /* Cue.h */ = {isa = PBXFileReference; fileEncoding = 4; lastKnownFileType = sourcecode.c.h; path = Cue.h; sourceTree = "<group>"; };
		CEEAC87B1EE4C6060065E93A /* MakeUnique.hpp */ = {isa = PBXFileReference; fileEncoding = 4; lastKnownFileType = sourcecode.cpp.h; path = MakeUnique.hpp; sourceTree = "<group>"; };
		CEEAC87C1EE4C6060065E93A /* VectorManipulation.hpp */ = {isa = PBXFileReference; fileEncoding = 4; lastKnownFileType = sourcecode.cpp.h; path = VectorManipulation.hpp; sourceTree = "<group>"; };
		CEEAC87D1EE4C6060065E93A /* Easing.h */ = {isa = PBXFileReference; fileEncoding = 4; lastKnownFileType = sourcecode.c.h; path = Easing.h; sourceTree = "<group>"; };
		CEEAC87E1EE4C6060065E93A /* Motion.hpp */ = {isa = PBXFileReference; fileEncoding = 4; lastKnownFileType = sourcecode.cpp.h; path = Motion.hpp; sourceTree = "<group>"; };
		CEEAC87F1EE4C6060065E93A /* Output.hpp */ = {isa = PBXFileReference; fileEncoding = 4; lastKnownFileType = sourcecode.cpp.h; path = Output.hpp; sourceTree = "<group>"; };
		CEEAC8811EE4C6060065E93A /* Combine.hpp */ = {isa = PBXFileReference; fileEncoding = 4; lastKnownFileType = sourcecode.cpp.h; path = Combine.hpp; sourceTree = "<group>"; };
		CEEAC8821EE4C6060065E93A /* Hold.hpp */ = {isa = PBXFileReference; fileEncoding = 4; lastKnownFileType = sourcecode.cpp.h; path = Hold.hpp; sourceTree = "<group>"; };
		CEEAC8831EE4C6060065E93A /* Procedural.hpp */ = {isa = PBXFileReference; fileEncoding = 4; lastKnownFileType = sourcecode.cpp.h; path = Procedural.hpp; sourceTree = "<group>"; };
		CEEAC8841EE4C6060065E93A /* Ramp.hpp */ = {isa = PBXFileReference; fileEncoding = 4; lastKnownFileType = sourcecode.cpp.h; path = Ramp.hpp; sourceTree = "<group>"; };
		CEEAC8851EE4C6060065E93A /* Retime.hpp */ = {isa = PBXFileReference; fileEncoding = 4; lastKnownFileType = sourcecode.cpp.h; path = Retime.hpp; sourceTree = "<group>"; };
		CEEAC8861EE4C6060065E93A /* Sugar.hpp */ = {isa = PBXFileReference; fileEncoding = 4; lastKnownFileType = sourcecode.cpp.h; path = Sugar.hpp; sourceTree = "<group>"; };
		CEEAC8871EE4C6060065E93A /* Phrase.hpp */ = {isa = PBXFileReference; fileEncoding = 4; lastKnownFileType = sourcecode.cpp.h; path = Phrase.hpp; sourceTree = "<group>"; };
		CEEAC8881EE4C6060065E93A /* Sequence.hpp */ = {isa = PBXFileReference; fileEncoding = 4; lastKnownFileType = sourcecode.cpp.h; path = Sequence.hpp; sourceTree = "<group>"; };
		CEEAC88A1EE4C6060065E93A /* CinderSpecialization.hpp */ = {isa = PBXFileReference; fileEncoding = 4; lastKnownFileType = sourcecode.cpp.h; path = CinderSpecialization.hpp; sourceTree = "<group>"; };
		CEEAC88B1EE4C6060065E93A /* Timeline.cpp */ = {isa = PBXFileReference; fileEncoding = 4; lastKnownFileType = sourcecode.cpp.cpp; path = Timeline.cpp; sourceTree = "<group>"; };
		CEEAC88C1EE4C6060065E93A /* Timeline.h */ = {isa = PBXFileReference; fileEncoding = 4; lastKnownFileType = sourcecode.c.h; path = Timeline.h; sourceTree = "<group>"; };
		CEEAC88D1EE4C6060065E93A /* TimelineItem.cpp */ = {isa = PBXFileReference; fileEncoding = 4; lastKnownFileType = sourcecode.cpp.cpp; path = TimelineItem.cpp; sourceTree = "<group>"; };
		CEEAC88E1EE4C6060065E93A /* TimelineItem.h */ = {isa = PBXFileReference; fileEncoding = 4; lastKnownFileType = sourcecode.c.h; path = TimelineItem.h; sourceTree = "<group>"; };
		CEEAC88F1EE4C6060065E93A /* TimelineOptions.hpp */ = {isa = PBXFileReference; fileEncoding = 4; lastKnownFileType = sourcecode.cpp.h; path = TimelineOptions.hpp; sourceTree = "<group>"; };
		CEEAC8901EE4C6060065E93A /* TimeType.h */ = {isa = PBXFileReference; fileEncoding = 4; lastKnownFileType = sourcecode.c.h; path = TimeType.h; sourceTree = "<group>"; };
		CEEAC8951EE4C6190065E93A /* Syphon.framework */ = {isa = PBXFileReference; lastKnownFileType = wrapper.framework; path = Syphon.framework; sourceTree = "<group>"; };
		CEEAC8961EE4C6190065E93A /* SyphonNameboundClient.h */ = {isa = PBXFileReference; fileEncoding = 4; lastKnownFileType = sourcecode.c.h; path = SyphonNameboundClient.h; sourceTree = "<group>"; };
		CEEAC8971EE4C6190065E93A /* SyphonNameboundClient.m */ = {isa = PBXFileReference; fileEncoding = 4; lastKnownFileType = sourcecode.c.objc; path = SyphonNameboundClient.m; sourceTree = "<group>"; };
		CEEAC8991EE4C6190065E93A /* Client.h */ = {isa = PBXFileReference; fileEncoding = 4; lastKnownFileType = sourcecode.c.h; path = Client.h; sourceTree = "<group>"; };
		CEEAC89A1EE4C6190065E93A /* Client.mm */ = {isa = PBXFileReference; fileEncoding = 4; lastKnownFileType = sourcecode.cpp.objcpp; path = Client.mm; sourceTree = "<group>"; };
		CEEAC89B1EE4C6190065E93A /* Server.h */ = {isa = PBXFileReference; fileEncoding = 4; lastKnownFileType = sourcecode.c.h; path = Server.h; sourceTree = "<group>"; };
		CEEAC89C1EE4C6190065E93A /* Server.mm */ = {isa = PBXFileReference; fileEncoding = 4; lastKnownFileType = sourcecode.cpp.objcpp; path = Server.mm; sourceTree = "<group>"; };
		CEEAC89D1EE4C6190065E93A /* ServerDirectory.h */ = {isa = PBXFileReference; fileEncoding = 4; lastKnownFileType = sourcecode.c.h; path = ServerDirectory.h; sourceTree = "<group>"; };
		CEEAC89E1EE4C6190065E93A /* ServerDirectory.mm */ = {isa = PBXFileReference; fileEncoding = 4; lastKnownFileType = sourcecode.cpp.objcpp; path = ServerDirectory.mm; sourceTree = "<group>"; };
		CEEAC89F1EE4C6190065E93A /* Syphon.h */ = {isa = PBXFileReference; fileEncoding = 4; lastKnownFileType = sourcecode.c.h; path = Syphon.h; sourceTree = "<group>"; };
		CEEAC8A61EE4C64D0065E93A /* CoreMath.cpp */ = {isa = PBXFileReference; fileEncoding = 4; lastKnownFileType = sourcecode.cpp.cpp; name = CoreMath.cpp; path = "../../Cinder/blocks/core-util/CoreMath.cpp"; sourceTree = "<group>"; };
		CEEAC8A71EE4C64D0065E93A /* CoreMath.h */ = {isa = PBXFileReference; fileEncoding = 4; lastKnownFileType = sourcecode.c.h; name = CoreMath.h; path = "../../Cinder/blocks/core-util/CoreMath.h"; sourceTree = "<group>"; };
		CEEAC8A81EE4C64D0065E93A /* DoubleFbo.cpp */ = {isa = PBXFileReference; fileEncoding = 4; lastKnownFileType = sourcecode.cpp.cpp; name = DoubleFbo.cpp; path = "../../Cinder/blocks/core-util/DoubleFbo.cpp"; sourceTree = "<group>"; };
		CEEAC8A91EE4C64D0065E93A /* DoubleFbo.h */ = {isa = PBXFileReference; fileEncoding = 4; lastKnownFileType = sourcecode.c.h; name = DoubleFbo.h; path = "../../Cinder/blocks/core-util/DoubleFbo.h"; sourceTree = "<group>"; };
		CEEAC8AA1EE4C64D0065E93A /* FboCubeMapLayered.cpp */ = {isa = PBXFileReference; fileEncoding = 4; lastKnownFileType = sourcecode.cpp.cpp; name = FboCubeMapLayered.cpp; path = "../../Cinder/blocks/core-util/FboCubeMapLayered.cpp"; sourceTree = "<group>"; };
		CEEAC8AB1EE4C64D0065E93A /* FboCubeMapLayered.h */ = {isa = PBXFileReference; fileEncoding = 4; lastKnownFileType = sourcecode.c.h; name = FboCubeMapLayered.h; path = "../../Cinder/blocks/core-util/FboCubeMapLayered.h"; sourceTree = "<group>"; };
		CEEAC8AC1EE4C64D0065E93A /* GeomEater.cpp */ = {isa = PBXFileReference; fileEncoding = 4; lastKnownFileType = sourcecode.cpp.cpp; name = GeomEater.cpp; path = "../../Cinder/blocks/core-util/GeomEater.cpp"; sourceTree = "<group>"; };
		CEEAC8AD1EE4C64D0065E93A /* GeomEater.h */ = {isa = PBXFileReference; fileEncoding = 4; lastKnownFileType = sourcecode.c.h; name = GeomEater.h; path = "../../Cinder/blocks/core-util/GeomEater.h"; sourceTree = "<group>"; };
		CEEAC8AE1EE4C64D0065E93A /* Gradient.hpp */ = {isa = PBXFileReference; fileEncoding = 4; lastKnownFileType = sourcecode.cpp.h; name = Gradient.hpp; path = "../../Cinder/blocks/core-util/Gradient.hpp"; sourceTree = "<group>"; };
		CEEAC8AF1EE4C64D0065E93A /* Item.hpp */ = {isa = PBXFileReference; fileEncoding = 4; lastKnownFileType = sourcecode.cpp.h; name = Item.hpp; path = "../../Cinder/blocks/core-util/Item.hpp"; sourceTree = "<group>"; };
		CEEAC8B01EE4C64D0065E93A /* MeshHelpers.cpp */ = {isa = PBXFileReference; fileEncoding = 4; lastKnownFileType = sourcecode.cpp.cpp; name = MeshHelpers.cpp; path = "../../Cinder/blocks/core-util/MeshHelpers.cpp"; sourceTree = "<group>"; };
		CEEAC8B11EE4C64D0065E93A /* MeshHelpers.h */ = {isa = PBXFileReference; fileEncoding = 4; lastKnownFileType = sourcecode.c.h; name = MeshHelpers.h; path = "../../Cinder/blocks/core-util/MeshHelpers.h"; sourceTree = "<group>"; };
		CEEAC8B21EE4C64D0065E93A /* Node.hpp */ = {isa = PBXFileReference; fileEncoding = 4; lastKnownFileType = sourcecode.cpp.h; name = Node.hpp; path = "../../Cinder/blocks/core-util/Node.hpp"; sourceTree = "<group>"; };
		CEEAC8B31EE4C64D0065E93A /* NoiseWalker.hpp */ = {isa = PBXFileReference; fileEncoding = 4; lastKnownFileType = sourcecode.cpp.h; name = NoiseWalker.hpp; path = "../../Cinder/blocks/core-util/NoiseWalker.hpp"; sourceTree = "<group>"; };
		CEEAC8B41EE4C64D0065E93A /* Projector.cpp */ = {isa = PBXFileReference; fileEncoding = 4; lastKnownFileType = sourcecode.cpp.cpp; name = Projector.cpp; path = "../../Cinder/blocks/core-util/Projector.cpp"; sourceTree = "<group>"; };
		CEEAC8B51EE4C64D0065E93A /* Projector.h */ = {isa = PBXFileReference; fileEncoding = 4; lastKnownFileType = sourcecode.c.h; name = Projector.h; path = "../../Cinder/blocks/core-util/Projector.h"; sourceTree = "<group>"; };
		EF0262DE1E7065DB005669EA /* FlockingApp.h */ = {isa = PBXFileReference; fileEncoding = 4; lastKnownFileType = sourcecode.c.h; name = FlockingApp.h; path = ../src/FlockingApp.h; sourceTree = "<group>"; };
		EF0262E21E70660E005669EA /* ReactionDiffusionApp.cpp */ = {isa = PBXFileReference; fileEncoding = 4; lastKnownFileType = sourcecode.cpp.cpp; name = ReactionDiffusionApp.cpp; path = ../src/ReactionDiffusionApp.cpp; sourceTree = "<group>"; };
		EF0262E31E70660E005669EA /* ReactionDiffusionApp.h */ = {isa = PBXFileReference; fileEncoding = 4; lastKnownFileType = sourcecode.c.h; name = ReactionDiffusionApp.h; path = ../src/ReactionDiffusionApp.h; sourceTree = "<group>"; };
		EF0263061E70AAA8005669EA /* NetworkApp.cpp */ = {isa = PBXFileReference; fileEncoding = 4; lastKnownFileType = sourcecode.cpp.cpp; name = NetworkApp.cpp; path = ../src/NetworkApp.cpp; sourceTree = "<group>"; };
		EF0263071E70AAA8005669EA /* NetworkApp.h */ = {isa = PBXFileReference; fileEncoding = 4; lastKnownFileType = sourcecode.c.h; name = NetworkApp.h; path = ../src/NetworkApp.h; sourceTree = "<group>"; };
		EF095A031EE499560080D7B4 /* DLRenderIntoCubeMap_lines_g.glsl */ = {isa = PBXFileReference; fileEncoding = 4; lastKnownFileType = text; name = DLRenderIntoCubeMap_lines_g.glsl; path = ../resources/DLRenderIntoCubeMap_lines_g.glsl; sourceTree = "<group>"; };
		EF095A041EE499560080D7B4 /* DLRenderIntoCubeMap_points_g.glsl */ = {isa = PBXFileReference; fileEncoding = 4; lastKnownFileType = text; name = DLRenderIntoCubeMap_points_g.glsl; path = ../resources/DLRenderIntoCubeMap_points_g.glsl; sourceTree = "<group>"; };
		EF095A051EE499560080D7B4 /* DLRenderIntoCubeMap_triangles_g.glsl */ = {isa = PBXFileReference; fileEncoding = 4; lastKnownFileType = text; name = DLRenderIntoCubeMap_triangles_g.glsl; path = ../resources/DLRenderIntoCubeMap_triangles_g.glsl; sourceTree = "<group>"; };
		EF095A061EE499560080D7B4 /* DLRenderIntoCubeMap_v.glsl */ = {isa = PBXFileReference; fileEncoding = 4; lastKnownFileType = text; name = DLRenderIntoCubeMap_v.glsl; path = ../resources/DLRenderIntoCubeMap_v.glsl; sourceTree = "<group>"; };
		EF095A071EE499560080D7B4 /* DLRenderOutputTexAsSphere_f.glsl */ = {isa = PBXFileReference; fileEncoding = 4; lastKnownFileType = text; name = DLRenderOutputTexAsSphere_f.glsl; path = ../resources/DLRenderOutputTexAsSphere_f.glsl; sourceTree = "<group>"; };
		EF095A081EE499560080D7B4 /* DLRenderOutputTexAsSphere_v.glsl */ = {isa = PBXFileReference; fileEncoding = 4; lastKnownFileType = text; name = DLRenderOutputTexAsSphere_v.glsl; path = ../resources/DLRenderOutputTexAsSphere_v.glsl; sourceTree = "<group>"; };
		EF095A091EE499560080D7B4 /* FLDisruptBirds_f.glsl */ = {isa = PBXFileReference; fileEncoding = 4; lastKnownFileType = text; name = FLDisruptBirds_f.glsl; path = ../resources/FLDisruptBirds_f.glsl; sourceTree = "<group>"; };
		EF095A0A1EE499560080D7B4 /* FLRenderBirds_f.glsl */ = {isa = PBXFileReference; fileEncoding = 4; lastKnownFileType = text; name = FLRenderBirds_f.glsl; path = ../resources/FLRenderBirds_f.glsl; sourceTree = "<group>"; };
		EF095A0B1EE499560080D7B4 /* FLRenderBirds_g.glsl */ = {isa = PBXFileReference; fileEncoding = 4; lastKnownFileType = text; name = FLRenderBirds_g.glsl; path = ../resources/FLRenderBirds_g.glsl; sourceTree = "<group>"; };
		EF095A0C1EE499560080D7B4 /* FLRenderBirds_v.glsl */ = {isa = PBXFileReference; fileEncoding = 4; lastKnownFileType = text; name = FLRenderBirds_v.glsl; path = ../resources/FLRenderBirds_v.glsl; sourceTree = "<group>"; };
		EF095A0D1EE499560080D7B4 /* FLRenderBirdsToSphere_f.glsl */ = {isa = PBXFileReference; fileEncoding = 4; lastKnownFileType = text; name = FLRenderBirdsToSphere_f.glsl; path = ../resources/FLRenderBirdsToSphere_f.glsl; sourceTree = "<group>"; };
		EF095A0E1EE499560080D7B4 /* FLRunBirds_v.glsl */ = {isa = PBXFileReference; fileEncoding = 4; lastKnownFileType = text; name = FLRunBirds_v.glsl; path = ../resources/FLRunBirds_v.glsl; sourceTree = "<group>"; };
		EF095A0F1EE499560080D7B4 /* FLRunBirdsPosition_f.glsl */ = {isa = PBXFileReference; fileEncoding = 4; lastKnownFileType = text; name = FLRunBirdsPosition_f.glsl; path = ../resources/FLRunBirdsPosition_f.glsl; sourceTree = "<group>"; };
		EF095A101EE499560080D7B4 /* FLRunBirdsVelocity_f.glsl */ = {isa = PBXFileReference; fileEncoding = 4; lastKnownFileType = text; name = FLRunBirdsVelocity_f.glsl; path = ../resources/FLRunBirdsVelocity_f.glsl; sourceTree = "<group>"; };
		EF095A111EE499560080D7B4 /* RDDisruptReactionDiffusion_f.glsl */ = {isa = PBXFileReference; fileEncoding = 4; lastKnownFileType = text; name = RDDisruptReactionDiffusion_f.glsl; path = ../resources/RDDisruptReactionDiffusion_f.glsl; sourceTree = "<group>"; };
		EF095A121EE499560080D7B4 /* RDRenderReactionDiffusion_f.glsl */ = {isa = PBXFileReference; fileEncoding = 4; lastKnownFileType = text; name = RDRenderReactionDiffusion_f.glsl; path = ../resources/RDRenderReactionDiffusion_f.glsl; sourceTree = "<group>"; };
		EF095A131EE499560080D7B4 /* RDRenderReactionDiffusion_g.glsl */ = {isa = PBXFileReference; fileEncoding = 4; lastKnownFileType = text; name = RDRenderReactionDiffusion_g.glsl; path = ../resources/RDRenderReactionDiffusion_g.glsl; sourceTree = "<group>"; };
		EF095A141EE499560080D7B4 /* RDRenderReactionDiffusion_v.glsl */ = {isa = PBXFileReference; fileEncoding = 4; lastKnownFileType = text; name = RDRenderReactionDiffusion_v.glsl; path = ../resources/RDRenderReactionDiffusion_v.glsl; sourceTree = "<group>"; };
		EF095A151EE499560080D7B4 /* RDRunReactionDiffusion_f.glsl */ = {isa = PBXFileReference; fileEncoding = 4; lastKnownFileType = text; name = RDRunReactionDiffusion_f.glsl; path = ../resources/RDRunReactionDiffusion_f.glsl; sourceTree = "<group>"; };
		EF095A161EE499560080D7B4 /* RDRunReactionDiffusion_g.glsl */ = {isa = PBXFileReference; fileEncoding = 4; lastKnownFileType = text; name = RDRunReactionDiffusion_g.glsl; path = ../resources/RDRunReactionDiffusion_g.glsl; sourceTree = "<group>"; };
		EF095A171EE499560080D7B4 /* RDRunReactionDiffusion_v.glsl */ = {isa = PBXFileReference; fileEncoding = 4; lastKnownFileType = text; name = RDRunReactionDiffusion_v.glsl; path = ../resources/RDRunReactionDiffusion_v.glsl; sourceTree = "<group>"; };
		EF095A2D1EE49B1A0080D7B4 /* AudioNarration.mp3 */ = {isa = PBXFileReference; lastKnownFileType = audio.mp3; name = AudioNarration.mp3; path = ../resources/AudioNarration.mp3; sourceTree = "<group>"; };
		EF095A2E1EE49B1A0080D7B4 /* BoxSides.obj */ = {isa = PBXFileReference; lastKnownFileType = text; name = BoxSides.obj; path = ../resources/BoxSides.obj; sourceTree = "<group>"; };
		EF095A311EE49B4D0080D7B4 /* DLOutputCubeMapToRect_f.glsl */ = {isa = PBXFileReference; lastKnownFileType = text; name = DLOutputCubeMapToRect_f.glsl; path = ../resources/DLOutputCubeMapToRect_f.glsl; sourceTree = "<group>"; };
		EF095A321EE49B4D0080D7B4 /* DLOutputCubeMapToRect_v.glsl */ = {isa = PBXFileReference; lastKnownFileType = text; name = DLOutputCubeMapToRect_v.glsl; path = ../resources/DLOutputCubeMapToRect_v.glsl; sourceTree = "<group>"; };
		EF095A351EE49BA40080D7B4 /* DLRenderIntoCubeMap_f.glsl */ = {isa = PBXFileReference; fileEncoding = 4; lastKnownFileType = text; name = DLRenderIntoCubeMap_f.glsl; path = ../resources/DLRenderIntoCubeMap_f.glsl; sourceTree = "<group>"; };
		EF80FF07EE1D425A96D45DC1 /* DigitalLife_Prefix.pch */ = {isa = PBXFileReference; lastKnownFileType = "\"\""; path = DigitalLife_Prefix.pch; sourceTree = "<group>"; };
		EFE696361E69CEA200CD4E51 /* FlockingApp.cpp */ = {isa = PBXFileReference; fileEncoding = 4; lastKnownFileType = sourcecode.cpp.cpp; name = FlockingApp.cpp; path = ../src/FlockingApp.cpp; sourceTree = "<group>"; };
/* End PBXFileReference section */

/* Begin PBXFrameworksBuildPhase section */
		8D11072E0486CEB800E47090 /* Frameworks */ = {
			isa = PBXFrameworksBuildPhase;
			buildActionMask = 2147483647;
			files = (
				006D720419952D00008149E2 /* AVFoundation.framework in Frameworks */,
				CEEAC8A01EE4C6190065E93A /* Syphon.framework in Frameworks */,
				006D720519952D00008149E2 /* CoreMedia.framework in Frameworks */,
				8D11072F0486CEB800E47090 /* Cocoa.framework in Frameworks */,
				0091D8F90E81B9330029341E /* OpenGL.framework in Frameworks */,
				5323E6B20EAFCA74003A9687 /* CoreVideo.framework in Frameworks */,
				00B784B30FF439BC000DE1D7 /* Accelerate.framework in Frameworks */,
				00B784B40FF439BC000DE1D7 /* AudioToolbox.framework in Frameworks */,
				00B784B50FF439BC000DE1D7 /* AudioUnit.framework in Frameworks */,
				00B784B60FF439BC000DE1D7 /* CoreAudio.framework in Frameworks */,
				00B9955A1B128DF400A5C623 /* IOKit.framework in Frameworks */,
				00B9955B1B128DF400A5C623 /* IOSurface.framework in Frameworks */,
			);
			runOnlyForDeploymentPostprocessing = 0;
		};
/* End PBXFrameworksBuildPhase section */

/* Begin PBXGroup section */
		01B97315FEAEA392516A2CEA /* Blocks */ = {
			isa = PBXGroup;
			children = (
				CEEAC8BC1EE4C6520065E93A /* core-util */,
				CEEAC8A51EE4C61D0065E93A /* Cinder-Syphon */,
				CEEAC8761EE4C6060065E93A /* choreograph */,
				CEEAC8751EE4C5F80065E93A /* buildmesh */,
			);
			name = Blocks;
			sourceTree = "<group>";
		};
		080E96DDFE201D6D7F000001 /* Source */ = {
			isa = PBXGroup;
			children = (
				EF0263061E70AAA8005669EA /* NetworkApp.cpp */,
				EF0263071E70AAA8005669EA /* NetworkApp.h */,
				98984B151EE6400C84D3E77F /* DigitalLifeApp.cpp */,
				EFE696361E69CEA200CD4E51 /* FlockingApp.cpp */,
				EF0262E21E70660E005669EA /* ReactionDiffusionApp.cpp */,
				EF0262E31E70660E005669EA /* ReactionDiffusionApp.h */,
				EF0262DE1E7065DB005669EA /* FlockingApp.h */,
			);
			name = Source;
			sourceTree = "<group>";
		};
		1058C7A0FEA54F0111CA2CBB /* Linked Frameworks */ = {
			isa = PBXGroup;
			children = (
				006D720219952D00008149E2 /* AVFoundation.framework */,
				006D720319952D00008149E2 /* CoreMedia.framework */,
				00B784AF0FF439BC000DE1D7 /* Accelerate.framework */,
				00B784B00FF439BC000DE1D7 /* AudioToolbox.framework */,
				00B784B10FF439BC000DE1D7 /* AudioUnit.framework */,
				00B784B20FF439BC000DE1D7 /* CoreAudio.framework */,
				5323E6B10EAFCA74003A9687 /* CoreVideo.framework */,
				0091D8F80E81B9330029341E /* OpenGL.framework */,
				1058C7A1FEA54F0111CA2CBB /* Cocoa.framework */,
				00B995581B128DF400A5C623 /* IOKit.framework */,
				00B995591B128DF400A5C623 /* IOSurface.framework */,
			);
			name = "Linked Frameworks";
			sourceTree = "<group>";
		};
		1058C7A2FEA54F0111CA2CBB /* Other Frameworks */ = {
			isa = PBXGroup;
			children = (
				29B97324FDCFA39411CA2CEA /* AppKit.framework */,
				29B97325FDCFA39411CA2CEA /* Foundation.framework */,
			);
			name = "Other Frameworks";
			sourceTree = "<group>";
		};
		19C28FACFE9D520D11CA2CBB /* Products */ = {
			isa = PBXGroup;
			children = (
				8D1107320486CEB800E47090 /* DigitalLife.app */,
			);
			name = Products;
			sourceTree = "<group>";
		};
		29B97314FDCFA39411CA2CEA /* DigitalLife */ = {
			isa = PBXGroup;
			children = (
				01B97315FEAEA392516A2CEA /* Blocks */,
				29B97315FDCFA39411CA2CEA /* Headers */,
				080E96DDFE201D6D7F000001 /* Source */,
				29B97317FDCFA39411CA2CEA /* Resources */,
				29B97323FDCFA39411CA2CEA /* Frameworks */,
				19C28FACFE9D520D11CA2CBB /* Products */,
			);
			name = DigitalLife;
			sourceTree = "<group>";
		};
		29B97315FDCFA39411CA2CEA /* Headers */ = {
			isa = PBXGroup;
			children = (
				123042767DC24C01AB35E1DF /* Resources.h */,
				EF80FF07EE1D425A96D45DC1 /* DigitalLife_Prefix.pch */,
			);
			name = Headers;
			sourceTree = "<group>";
		};
		29B97317FDCFA39411CA2CEA /* Resources */ = {
			isa = PBXGroup;
			children = (
				EF095A351EE49BA40080D7B4 /* DLRenderIntoCubeMap_f.glsl */,
				EF095A311EE49B4D0080D7B4 /* DLOutputCubeMapToRect_f.glsl */,
				EF095A321EE49B4D0080D7B4 /* DLOutputCubeMapToRect_v.glsl */,
				EF095A2D1EE49B1A0080D7B4 /* AudioNarration.mp3 */,
				EF095A2E1EE49B1A0080D7B4 /* BoxSides.obj */,
				EF095A031EE499560080D7B4 /* DLRenderIntoCubeMap_lines_g.glsl */,
				EF095A041EE499560080D7B4 /* DLRenderIntoCubeMap_points_g.glsl */,
				EF095A051EE499560080D7B4 /* DLRenderIntoCubeMap_triangles_g.glsl */,
				EF095A061EE499560080D7B4 /* DLRenderIntoCubeMap_v.glsl */,
				EF095A071EE499560080D7B4 /* DLRenderOutputTexAsSphere_f.glsl */,
				EF095A081EE499560080D7B4 /* DLRenderOutputTexAsSphere_v.glsl */,
				EF095A091EE499560080D7B4 /* FLDisruptBirds_f.glsl */,
				EF095A0A1EE499560080D7B4 /* FLRenderBirds_f.glsl */,
				EF095A0B1EE499560080D7B4 /* FLRenderBirds_g.glsl */,
				EF095A0C1EE499560080D7B4 /* FLRenderBirds_v.glsl */,
				EF095A0D1EE499560080D7B4 /* FLRenderBirdsToSphere_f.glsl */,
				EF095A0E1EE499560080D7B4 /* FLRunBirds_v.glsl */,
				EF095A0F1EE499560080D7B4 /* FLRunBirdsPosition_f.glsl */,
				EF095A101EE499560080D7B4 /* FLRunBirdsVelocity_f.glsl */,
				EF095A111EE499560080D7B4 /* RDDisruptReactionDiffusion_f.glsl */,
				EF095A121EE499560080D7B4 /* RDRenderReactionDiffusion_f.glsl */,
				EF095A131EE499560080D7B4 /* RDRenderReactionDiffusion_g.glsl */,
				EF095A141EE499560080D7B4 /* RDRenderReactionDiffusion_v.glsl */,
				EF095A151EE499560080D7B4 /* RDRunReactionDiffusion_f.glsl */,
				EF095A161EE499560080D7B4 /* RDRunReactionDiffusion_g.glsl */,
				EF095A171EE499560080D7B4 /* RDRunReactionDiffusion_v.glsl */,
				183874AD564F41AEA860CF55 /* CinderApp.icns */,
				415664E13C8E478FA86D8C45 /* Info.plist */,
			);
			name = Resources;
			sourceTree = "<group>";
		};
		29B97323FDCFA39411CA2CEA /* Frameworks */ = {
			isa = PBXGroup;
			children = (
				1058C7A0FEA54F0111CA2CBB /* Linked Frameworks */,
				1058C7A2FEA54F0111CA2CBB /* Other Frameworks */,
			);
			name = Frameworks;
			sourceTree = "<group>";
		};
		CEEAC8751EE4C5F80065E93A /* buildmesh */ = {
			isa = PBXGroup;
			children = (
				CEEAC8671EE4C5F30065E93A /* buildmesh.h */,
				CEEAC8681EE4C5F30065E93A /* MathBase.h */,
				CEEAC8691EE4C5F30065E93A /* Mesh.cpp */,
				CEEAC86A1EE4C5F30065E93A /* Mesh.h */,
				CEEAC86B1EE4C5F30065E93A /* MeshBuilds.cpp */,
				CEEAC86C1EE4C5F30065E93A /* MeshBuilds.h */,
				CEEAC86D1EE4C5F30065E93A /* MeshGroup.cpp */,
				CEEAC86E1EE4C5F30065E93A /* MeshGroup.h */,
				CEEAC86F1EE4C5F30065E93A /* Vertex.cpp */,
				CEEAC8701EE4C5F30065E93A /* Vertex.h */,
			);
			name = buildmesh;
			sourceTree = "<group>";
		};
		CEEAC8761EE4C6060065E93A /* choreograph */ = {
			isa = PBXGroup;
			children = (
				CEEAC8771EE4C6060065E93A /* Choreograph.h */,
				CEEAC8781EE4C6060065E93A /* Cue.cpp */,
				CEEAC8791EE4C6060065E93A /* Cue.h */,
				CEEAC87A1EE4C6060065E93A /* detail */,
				CEEAC87D1EE4C6060065E93A /* Easing.h */,
				CEEAC87E1EE4C6060065E93A /* Motion.hpp */,
				CEEAC87F1EE4C6060065E93A /* Output.hpp */,
				CEEAC8801EE4C6060065E93A /* phrase */,
				CEEAC8871EE4C6060065E93A /* Phrase.hpp */,
				CEEAC8881EE4C6060065E93A /* Sequence.hpp */,
				CEEAC8891EE4C6060065E93A /* specialization */,
				CEEAC88B1EE4C6060065E93A /* Timeline.cpp */,
				CEEAC88C1EE4C6060065E93A /* Timeline.h */,
				CEEAC88D1EE4C6060065E93A /* TimelineItem.cpp */,
				CEEAC88E1EE4C6060065E93A /* TimelineItem.h */,
				CEEAC88F1EE4C6060065E93A /* TimelineOptions.hpp */,
				CEEAC8901EE4C6060065E93A /* TimeType.h */,
			);
			name = choreograph;
			path = ../../Cinder/blocks/Choreograph/src/choreograph;
			sourceTree = "<group>";
		};
		CEEAC87A1EE4C6060065E93A /* detail */ = {
			isa = PBXGroup;
			children = (
				CEEAC87B1EE4C6060065E93A /* MakeUnique.hpp */,
				CEEAC87C1EE4C6060065E93A /* VectorManipulation.hpp */,
			);
			path = detail;
			sourceTree = "<group>";
		};
		CEEAC8801EE4C6060065E93A /* phrase */ = {
			isa = PBXGroup;
			children = (
				CEEAC8811EE4C6060065E93A /* Combine.hpp */,
				CEEAC8821EE4C6060065E93A /* Hold.hpp */,
				CEEAC8831EE4C6060065E93A /* Procedural.hpp */,
				CEEAC8841EE4C6060065E93A /* Ramp.hpp */,
				CEEAC8851EE4C6060065E93A /* Retime.hpp */,
				CEEAC8861EE4C6060065E93A /* Sugar.hpp */,
			);
			path = phrase;
			sourceTree = "<group>";
		};
		CEEAC8891EE4C6060065E93A /* specialization */ = {
			isa = PBXGroup;
			children = (
				CEEAC88A1EE4C6060065E93A /* CinderSpecialization.hpp */,
			);
			path = specialization;
			sourceTree = "<group>";
		};
		CEEAC8941EE4C6190065E93A /* lib */ = {
			isa = PBXGroup;
			children = (
				CEEAC8951EE4C6190065E93A /* Syphon.framework */,
				CEEAC8961EE4C6190065E93A /* SyphonNameboundClient.h */,
				CEEAC8971EE4C6190065E93A /* SyphonNameboundClient.m */,
			);
			name = lib;
			path = "../../Cinder/blocks/Cinder-Syphon/lib";
			sourceTree = "<group>";
		};
		CEEAC8981EE4C6190065E93A /* src */ = {
			isa = PBXGroup;
			children = (
				CEEAC8991EE4C6190065E93A /* Client.h */,
				CEEAC89A1EE4C6190065E93A /* Client.mm */,
				CEEAC89B1EE4C6190065E93A /* Server.h */,
				CEEAC89C1EE4C6190065E93A /* Server.mm */,
				CEEAC89D1EE4C6190065E93A /* ServerDirectory.h */,
				CEEAC89E1EE4C6190065E93A /* ServerDirectory.mm */,
				CEEAC89F1EE4C6190065E93A /* Syphon.h */,
			);
			name = src;
			path = "../../Cinder/blocks/Cinder-Syphon/src";
			sourceTree = "<group>";
		};
		CEEAC8A51EE4C61D0065E93A /* Cinder-Syphon */ = {
			isa = PBXGroup;
			children = (
				CEEAC8941EE4C6190065E93A /* lib */,
				CEEAC8981EE4C6190065E93A /* src */,
			);
			name = "Cinder-Syphon";
			sourceTree = "<group>";
		};
		CEEAC8BC1EE4C6520065E93A /* core-util */ = {
			isa = PBXGroup;
			children = (
				CEEAC8A61EE4C64D0065E93A /* CoreMath.cpp */,
				CEEAC8A71EE4C64D0065E93A /* CoreMath.h */,
				CEEAC8A81EE4C64D0065E93A /* DoubleFbo.cpp */,
				CEEAC8A91EE4C64D0065E93A /* DoubleFbo.h */,
				CEEAC8AA1EE4C64D0065E93A /* FboCubeMapLayered.cpp */,
				CEEAC8AB1EE4C64D0065E93A /* FboCubeMapLayered.h */,
				CEEAC8AC1EE4C64D0065E93A /* GeomEater.cpp */,
				CEEAC8AD1EE4C64D0065E93A /* GeomEater.h */,
				CEEAC8AE1EE4C64D0065E93A /* Gradient.hpp */,
				CEEAC8AF1EE4C64D0065E93A /* Item.hpp */,
				CEEAC8B01EE4C64D0065E93A /* MeshHelpers.cpp */,
				CEEAC8B11EE4C64D0065E93A /* MeshHelpers.h */,
				CEEAC8B21EE4C64D0065E93A /* Node.hpp */,
				CEEAC8B31EE4C64D0065E93A /* NoiseWalker.hpp */,
				CEEAC8B41EE4C64D0065E93A /* Projector.cpp */,
				CEEAC8B51EE4C64D0065E93A /* Projector.h */,
			);
			name = "core-util";
			sourceTree = "<group>";
		};
/* End PBXGroup section */

/* Begin PBXNativeTarget section */
		8D1107260486CEB800E47090 /* DigitalLife */ = {
			isa = PBXNativeTarget;
			buildConfigurationList = C01FCF4A08A954540054247B /* Build configuration list for PBXNativeTarget "DigitalLife" */;
			buildPhases = (
				8D1107290486CEB800E47090 /* Resources */,
				8D11072C0486CEB800E47090 /* Sources */,
				8D11072E0486CEB800E47090 /* Frameworks */,
				8624196A335D47F18194BE48 /* Copy Files */,
			);
			buildRules = (
			);
			dependencies = (
			);
			name = DigitalLife;
			productInstallPath = "$(HOME)/Applications";
			productName = DigitalLife;
			productReference = 8D1107320486CEB800E47090 /* DigitalLife.app */;
			productType = "com.apple.product-type.application";
		};
/* End PBXNativeTarget section */

/* Begin PBXProject section */
		29B97313FDCFA39411CA2CEA /* Project object */ = {
			isa = PBXProject;
			attributes = {
				LastUpgradeCheck = 0720;
			};
			buildConfigurationList = C01FCF4E08A954540054247B /* Build configuration list for PBXProject "DigitalLife" */;
			compatibilityVersion = "Xcode 3.2";
			developmentRegion = English;
			hasScannedForEncodings = 1;
			knownRegions = (
				English,
				Japanese,
				French,
				German,
			);
			mainGroup = 29B97314FDCFA39411CA2CEA /* DigitalLife */;
			projectDirPath = "";
			projectRoot = "";
			targets = (
				8D1107260486CEB800E47090 /* DigitalLife */,
			);
		};
/* End PBXProject section */

/* Begin PBXResourcesBuildPhase section */
		8D1107290486CEB800E47090 /* Resources */ = {
			isa = PBXResourcesBuildPhase;
			buildActionMask = 2147483647;
			files = (
				EF095A331EE49B4D0080D7B4 /* DLOutputCubeMapToRect_f.glsl in Resources */,
				EF095A361EE49BA40080D7B4 /* DLRenderIntoCubeMap_f.glsl in Resources */,
				EF095A341EE49B4D0080D7B4 /* DLOutputCubeMapToRect_v.glsl in Resources */,
				EF095A2F1EE49B1A0080D7B4 /* AudioNarration.mp3 in Resources */,
				EF095A301EE49B1A0080D7B4 /* BoxSides.obj in Resources */,
				EF095A231EE499560080D7B4 /* FLRunBirds_v.glsl in Resources */,
				EF095A271EE499560080D7B4 /* RDRenderReactionDiffusion_f.glsl in Resources */,
				EF095A251EE499560080D7B4 /* FLRunBirdsVelocity_f.glsl in Resources */,
				EF095A181EE499560080D7B4 /* DLRenderIntoCubeMap_lines_g.glsl in Resources */,
				EF095A1A1EE499560080D7B4 /* DLRenderIntoCubeMap_triangles_g.glsl in Resources */,
				EF095A2A1EE499560080D7B4 /* RDRunReactionDiffusion_f.glsl in Resources */,
				EF095A201EE499560080D7B4 /* FLRenderBirds_g.glsl in Resources */,
				EF095A1C1EE499560080D7B4 /* DLRenderOutputTexAsSphere_f.glsl in Resources */,
				EF095A1F1EE499560080D7B4 /* FLRenderBirds_f.glsl in Resources */,
				EF095A291EE499560080D7B4 /* RDRenderReactionDiffusion_v.glsl in Resources */,
				EF095A281EE499560080D7B4 /* RDRenderReactionDiffusion_g.glsl in Resources */,
				EF095A1E1EE499560080D7B4 /* FLDisruptBirds_f.glsl in Resources */,
				EF095A191EE499560080D7B4 /* DLRenderIntoCubeMap_points_g.glsl in Resources */,
				EF095A261EE499560080D7B4 /* RDDisruptReactionDiffusion_f.glsl in Resources */,
				0FC77C5F84094A069591EDBC /* CinderApp.icns in Resources */,
				EF095A2B1EE499560080D7B4 /* RDRunReactionDiffusion_g.glsl in Resources */,
				EF095A1B1EE499560080D7B4 /* DLRenderIntoCubeMap_v.glsl in Resources */,
				EF095A241EE499560080D7B4 /* FLRunBirdsPosition_f.glsl in Resources */,
				EF095A221EE499560080D7B4 /* FLRenderBirdsToSphere_f.glsl in Resources */,
				EF095A2C1EE499560080D7B4 /* RDRunReactionDiffusion_v.glsl in Resources */,
				EF095A1D1EE499560080D7B4 /* DLRenderOutputTexAsSphere_v.glsl in Resources */,
				EF095A211EE499560080D7B4 /* FLRenderBirds_v.glsl in Resources */,
			);
			runOnlyForDeploymentPostprocessing = 0;
		};
/* End PBXResourcesBuildPhase section */

/* Begin PBXSourcesBuildPhase section */
		8D11072C0486CEB800E47090 /* Sources */ = {
			isa = PBXSourcesBuildPhase;
			buildActionMask = 2147483647;
			files = (
				CEEAC8BA1EE4C64D0065E93A /* MeshHelpers.cpp in Sources */,
				CEEAC8B61EE4C64D0065E93A /* CoreMath.cpp in Sources */,
				CEEAC8A41EE4C6190065E93A /* ServerDirectory.mm in Sources */,
				187964A5AE854A3A8AC22814 /* DigitalLifeApp.cpp in Sources */,
				CEEAC8B91EE4C64D0065E93A /* GeomEater.cpp in Sources */,
				CEEAC8741EE4C5F30065E93A /* Vertex.cpp in Sources */,
				CEEAC8A31EE4C6190065E93A /* Server.mm in Sources */,
				CEEAC8721EE4C5F30065E93A /* MeshBuilds.cpp in Sources */,
				CEEAC8A21EE4C6190065E93A /* Client.mm in Sources */,
				CEEAC8931EE4C6060065E93A /* TimelineItem.cpp in Sources */,
				CEEAC8B81EE4C64D0065E93A /* FboCubeMapLayered.cpp in Sources */,
				EF0263081E70AAA8005669EA /* NetworkApp.cpp in Sources */,
				EF0262E41E70660E005669EA /* ReactionDiffusionApp.cpp in Sources */,
				EFE696381E69CEA200CD4E51 /* FlockingApp.cpp in Sources */,
				CEEAC8BB1EE4C64D0065E93A /* Projector.cpp in Sources */,
				CEEAC8A11EE4C6190065E93A /* SyphonNameboundClient.m in Sources */,
				CEEAC8921EE4C6060065E93A /* Timeline.cpp in Sources */,
				CEEAC8911EE4C6060065E93A /* Cue.cpp in Sources */,
				CEEAC8731EE4C5F30065E93A /* MeshGroup.cpp in Sources */,
				CEEAC8711EE4C5F30065E93A /* Mesh.cpp in Sources */,
				CEEAC8B71EE4C64D0065E93A /* DoubleFbo.cpp in Sources */,
			);
			runOnlyForDeploymentPostprocessing = 0;
		};
/* End PBXSourcesBuildPhase section */

/* Begin XCBuildConfiguration section */
		C01FCF4B08A954540054247B /* Debug */ = {
			isa = XCBuildConfiguration;
			buildSettings = {
				CINDER_PATH = ../../cinder;
				COMBINE_HIDPI_IMAGES = YES;
				COPY_PHASE_STRIP = NO;
				DEAD_CODE_STRIPPING = YES;
				FRAMEWORK_SEARCH_PATHS = "\"$(CINDER_PATH)/blocks/Cinder-Syphon/lib\"";
				GCC_DYNAMIC_NO_PIC = NO;
				GCC_INLINES_ARE_PRIVATE_EXTERN = YES;
				GCC_OPTIMIZATION_LEVEL = 0;
				GCC_PRECOMPILE_PREFIX_HEADER = YES;
				GCC_PREFIX_HEADER = DigitalLife_Prefix.pch;
				GCC_PREPROCESSOR_DEFINITIONS = (
					"DEBUG=1",
					"$(inherited)",
				);
				GCC_SYMBOLS_PRIVATE_EXTERN = NO;
				INFOPLIST_FILE = Info.plist;
				INSTALL_PATH = "$(HOME)/Applications";
				OTHER_LDFLAGS = "\"$(CINDER_PATH)/lib/macosx/$(CONFIGURATION)/libcinder.a\"";
				PRODUCT_BUNDLE_IDENTIFIER = "org.libcinder.${PRODUCT_NAME:rfc1034identifier}";
				PRODUCT_NAME = DigitalLife;
				SYMROOT = ./build;
				WRAPPER_EXTENSION = app;
			};
			name = Debug;
		};
		C01FCF4C08A954540054247B /* Release */ = {
			isa = XCBuildConfiguration;
			buildSettings = {
				CINDER_PATH = ../../cinder;
				COMBINE_HIDPI_IMAGES = YES;
				DEAD_CODE_STRIPPING = YES;
				DEBUG_INFORMATION_FORMAT = "dwarf-with-dsym";
				FRAMEWORK_SEARCH_PATHS = "\"$(CINDER_PATH)/blocks/Cinder-Syphon/lib\"";
				GCC_FAST_MATH = YES;
				GCC_GENERATE_DEBUGGING_SYMBOLS = NO;
				GCC_INLINES_ARE_PRIVATE_EXTERN = YES;
				GCC_OPTIMIZATION_LEVEL = 3;
				GCC_PRECOMPILE_PREFIX_HEADER = YES;
				GCC_PREFIX_HEADER = DigitalLife_Prefix.pch;
				GCC_PREPROCESSOR_DEFINITIONS = (
					"NDEBUG=1",
					"$(inherited)",
				);
				GCC_SYMBOLS_PRIVATE_EXTERN = NO;
				INFOPLIST_FILE = Info.plist;
				INSTALL_PATH = "$(HOME)/Applications";
				OTHER_LDFLAGS = "\"$(CINDER_PATH)/lib/macosx/$(CONFIGURATION)/libcinder.a\"";
				PRODUCT_BUNDLE_IDENTIFIER = "org.libcinder.${PRODUCT_NAME:rfc1034identifier}";
				PRODUCT_NAME = DigitalLife;
				STRIP_INSTALLED_PRODUCT = YES;
				SYMROOT = ./build;
				WRAPPER_EXTENSION = app;
			};
			name = Release;
		};
		C01FCF4F08A954540054247B /* Debug */ = {
			isa = XCBuildConfiguration;
			buildSettings = {
				ALWAYS_SEARCH_USER_PATHS = NO;
				CINDER_PATH = ../../../cinder;
				CLANG_CXX_LANGUAGE_STANDARD = "c++11";
				CLANG_CXX_LIBRARY = "libc++";
				ENABLE_TESTABILITY = YES;
				GCC_WARN_ABOUT_RETURN_TYPE = YES;
				GCC_WARN_UNUSED_VARIABLE = YES;
				HEADER_SEARCH_PATHS = (
					"\"$(CINDER_PATH)/include\"",
					/usr/local/include,
				);
				MACOSX_DEPLOYMENT_TARGET = 10.8;
				ONLY_ACTIVE_ARCH = YES;
				SDKROOT = macosx;
				USER_HEADER_SEARCH_PATHS = "\"$(CINDER_PATH)/include\" ../include \"$(CINDER_PATH)/blocks/Choreograph/src\"";
			};
			name = Debug;
		};
		C01FCF5008A954540054247B /* Release */ = {
			isa = XCBuildConfiguration;
			buildSettings = {
				ALWAYS_SEARCH_USER_PATHS = NO;
				CINDER_PATH = ../../../cinder;
				CLANG_CXX_LANGUAGE_STANDARD = "c++11";
				CLANG_CXX_LIBRARY = "libc++";
				GCC_WARN_ABOUT_RETURN_TYPE = YES;
				GCC_WARN_UNUSED_VARIABLE = YES;
				HEADER_SEARCH_PATHS = (
					"\"$(CINDER_PATH)/include\"",
					/usr/local/include,
				);
				MACOSX_DEPLOYMENT_TARGET = 10.8;
				SDKROOT = macosx;
				USER_HEADER_SEARCH_PATHS = "\"$(CINDER_PATH)/include\" ../include \"$(CINDER_PATH)/blocks/Choreograph/src\"";
			};
			name = Release;
		};
/* End XCBuildConfiguration section */

/* Begin XCConfigurationList section */
		C01FCF4A08A954540054247B /* Build configuration list for PBXNativeTarget "DigitalLife" */ = {
			isa = XCConfigurationList;
			buildConfigurations = (
				C01FCF4B08A954540054247B /* Debug */,
				C01FCF4C08A954540054247B /* Release */,
			);
			defaultConfigurationIsVisible = 0;
			defaultConfigurationName = Release;
		};
		C01FCF4E08A954540054247B /* Build configuration list for PBXProject "DigitalLife" */ = {
			isa = XCConfigurationList;
			buildConfigurations = (
				C01FCF4F08A954540054247B /* Debug */,
				C01FCF5008A954540054247B /* Release */,
			);
			defaultConfigurationIsVisible = 0;
			defaultConfigurationName = Release;
		};
/* End XCConfigurationList section */
	};
	rootObject = 29B97313FDCFA39411CA2CEA /* Project object */;
}
